{
  "name": "single-spa_angular-angularJS",
  "lockfileVersion": 2,
  "requires": true,
  "packages": {
    "": {
      "dependencies": {
        "single-spa-layout": "^2.2.0"
      }
    },
    "node_modules/@types/parse5": {
      "version": "6.0.3",
      "resolved": "https://registry.npmjs.org/@types/parse5/-/parse5-6.0.3.tgz",
      "integrity": "sha512-SuT16Q1K51EAVPz1K29DJ/sXjhSQ0zjvsypYJ6tlwVsRV9jwW5Adq2ch8Dq8kDBCkYnELS7N7VNCSB5nC56t/g=="
    },
    "node_modules/merge2": {
      "version": "1.4.1",
      "resolved": "https://registry.npmjs.org/merge2/-/merge2-1.4.1.tgz",
      "integrity": "sha512-8q7VEgMJW4J8tcfVPy8g09NcQwZdbwFEqhe/WZkoIzjn/3TGDwtOCYtXGxA3O8tPzpczCCDgv+P2P5y00ZJOOg==",
      "engines": {
        "node": ">= 8"
      }
    },
    "node_modules/parse5": {
      "version": "6.0.1",
      "resolved": "https://registry.npmjs.org/parse5/-/parse5-6.0.1.tgz",
      "integrity": "sha512-Ofn/CTFzRGTTxwpNEs9PP93gXShHcTq255nzRYSKe8AkVpZY7e1fpmTfOyoIvjP5HG7Z2ZM7VS9PPhQGW2pOpw=="
    },
    "node_modules/single-spa": {
      "version": "6.0.0-beta.3",
      "resolved": "https://registry.npmjs.org/single-spa/-/single-spa-6.0.0-beta.3.tgz",
      "integrity": "sha512-nyRyqq88hBF+X9y2JZrrOcypYhLV3ziRGyU9hiW+EQEU3FmkmWy9eU2DEC1Q1C3XEKv2Of/khHfanT/q2LNWSw=="
    },
    "node_modules/single-spa-layout": {
      "version": "2.2.0",
      "resolved": "https://registry.npmjs.org/single-spa-layout/-/single-spa-layout-2.2.0.tgz",
      "integrity": "sha512-MqpzeWz4jYTLHPaySVvU5rCyw8/yP0nPnx2312cuF+LKTVShIYl8RBqxgW1kEDciRmBJSP6+trYJKTLp0/ZiUw==",
      "dependencies": {
        "@types/parse5": "^6.0.0",
        "merge2": "^1.4.1",
        "parse5": "^6.0.1",
        "single-spa": "^6.0.0-beta.1"
      },
      "engines": {
        "node": ">=12"
      }
    }
  },
  "dependencies": {
    "@types/parse5": {
      "version": "6.0.3",
      "resolved": "https://registry.npmjs.org/@types/parse5/-/parse5-6.0.3.tgz",
      "integrity": "sha512-SuT16Q1K51EAVPz1K29DJ/sXjhSQ0zjvsypYJ6tlwVsRV9jwW5Adq2ch8Dq8kDBCkYnELS7N7VNCSB5nC56t/g=="
    },
    "merge2": {
      "version": "1.4.1",
      "resolved": "https://registry.npmjs.org/merge2/-/merge2-1.4.1.tgz",
      "integrity": "sha512-8q7VEgMJW4J8tcfVPy8g09NcQwZdbwFEqhe/WZkoIzjn/3TGDwtOCYtXGxA3O8tPzpczCCDgv+P2P5y00ZJOOg=="
    },
    "parse5": {
      "version": "6.0.1",
      "resolved": "https://registry.npmjs.org/parse5/-/parse5-6.0.1.tgz",
      "integrity": "sha512-Ofn/CTFzRGTTxwpNEs9PP93gXShHcTq255nzRYSKe8AkVpZY7e1fpmTfOyoIvjP5HG7Z2ZM7VS9PPhQGW2pOpw=="
    },
    "single-spa": {
      "version": "6.0.0-beta.3",
      "resolved": "https://registry.npmjs.org/single-spa/-/single-spa-6.0.0-beta.3.tgz",
      "integrity": "sha512-nyRyqq88hBF+X9y2JZrrOcypYhLV3ziRGyU9hiW+EQEU3FmkmWy9eU2DEC1Q1C3XEKv2Of/khHfanT/q2LNWSw=="
    },
    "single-spa-layout": {
      "version": "2.2.0",
      "resolved": "https://registry.npmjs.org/single-spa-layout/-/single-spa-layout-2.2.0.tgz",
      "integrity": "sha512-MqpzeWz4jYTLHPaySVvU5rCyw8/yP0nPnx2312cuF+LKTVShIYl8RBqxgW1kEDciRmBJSP6+trYJKTLp0/ZiUw==",
      "requires": {
        "@types/parse5": "^6.0.0",
        "merge2": "^1.4.1",
        "parse5": "^6.0.1",
        "single-spa": "^6.0.0-beta.1"
      }
    }
  }
}
